{
  "version": 1,
  "dependencies": {
    "net8.0": {
      "DocumentFormat.OpenXml": {
        "type": "Direct",
        "requested": "[3.0.2, )",
        "resolved": "3.0.2",
        "contentHash": "gqjP/BxKWgwAWwPAN+RpKaMOiidPM07F+mAxiiW184/MnkHnkk12Qo7cRB0wuq4kOZUrUzQ9EUO966hUy/wKBw==",
        "dependencies": {
          "DocumentFormat.OpenXml.Framework": "3.0.2"
        }
      },
      "Microsoft.AspNetCore.Components.WebAssembly.DevServer": {
        "type": "Direct",
        "requested": "[8.0.5, )",
        "resolved": "8.0.5",
        "contentHash": "Qw165bOsKdWXCnFyBH+4PXmKsAqi0157CTHgjx0wSxmMx8dMlGU7sH65fpbSf4X5AdG6vD5ncC5VYnarMLx+rg=="
      },
      "Microsoft.NET.ILLink.Tasks": {
        "type": "Direct",
        "requested": "[8.0.12, )",
        "resolved": "8.0.12",
        "contentHash": "FV4HnQ3JI15PHnJ5PGTbz+rYvrih42oLi/7UMIshNwCwUZhTq13UzrggtXk4ygrcMcN+4jsS6hhshx2p/Zd0ig=="
      },
      "Microsoft.NET.Sdk.WebAssembly.Pack": {
        "type": "Direct",
        "requested": "[8.0.19, )",
        "resolved": "8.0.19",
        "contentHash": "Cm/sq4ET7XGU7jBSfSh+s+eV0faJ1RnErpImRYN7+d5loWISBwl22qsM6sn9StUWKJao+xGvF0IxgyPVnY20Vw=="
      },
      "Newtonsoft.Json": {
        "type": "Direct",
        "requested": "[13.0.3, )",
        "resolved": "13.0.3",
        "contentHash": "HrC5BXdl00IP9zeV+0Z848QWPAoCr9P3bDEZguI+gkLcBKAOxix/tLEAAHC+UvDNPv4a2d18lOReHMOagPa+zQ=="
      },
      "DocumentFormat.OpenXml.Framework": {
        "type": "Transitive",
        "resolved": "3.0.2",
        "contentHash": "ILRCJu2dUJDv27ZCQDftD7AZSuBgKg+ZSUF9dg2dk8qcIED7oM42y/cvZIm0mev80nj2QMzpxthX87+AebzHug==",
        "dependencies": {
          "System.IO.Packaging": "8.0.0"
        }
      },
      "System.IO.Packaging": {
        "type": "Transitive",
        "resolved": "8.0.0",
        "contentHash": "8g1V4YRpdGAxFcK8v9OjuMdIOJSpF30Zb1JGicwVZhly3I994WFyBdV6mQEo8d3T+URQe55/M0U0eIH0Hts1bg=="
      }
    },
    "net8.0/browser-wasm": {}
  }
}